
Microsoft Visual Studio Solution File, Format Version 12.00
# Visual Studio Version 17
VisualStudioVersion = 17.0.31903.59
MinimumVisualStudioVersion = 10.0.40219.1
Project("{2150E333-8FDC-42A3-9474-1A3956D46DE8}") = "Solution Items", "Solution Items", "{4B677C91-E871-41A1-A667-C7036DCB319F}"
	ProjectSection(SolutionItems) = preProject
		.editorconfig = .editorconfig
		Directory.Build.props = Directory.Build.props
		src\Directory.Build.props = src\Directory.Build.props
		Directory.Packages.props = Directory.Packages.props
	EndProjectSection
EndProject
Project("{9A19103F-16F7-4668-BE54-9A1E7A4F7556}") = "SharpAttributeParser.RecordBuilders.Core", "src\SharpAttributeParser.RecordBuilders.Core\SharpAttributeParser.RecordBuilders.Core.csproj", "{B3DEC230-6F98-4EA3-91BE-56AD3B633062}"
EndProject
Project("{9A19103F-16F7-4668-BE54-9A1E7A4F7556}") = "SharpAttributeParser.RecordBuilders.BaseClasses.UnitTests", "tests\unit\SharpAttributeParser.RecordBuilders.BaseClasses.UnitTests\SharpAttributeParser.RecordBuilders.BaseClasses.UnitTests.csproj", "{1F829318-C467-4105-9CC6-4DABEFAB824A}"
EndProject
Project("{9A19103F-16F7-4668-BE54-9A1E7A4F7556}") = "SharpAttributeParser.RecordBuilders.BaseClasses", "src\SharpAttributeParser.RecordBuilders.BaseClasses\SharpAttributeParser.RecordBuilders.BaseClasses.csproj", "{4643FF3C-D2D0-42A7-A6FD-68F6BFD6D781}"
EndProject
Global
	GlobalSection(SolutionConfigurationPlatforms) = preSolution
		Debug|Any CPU = Debug|Any CPU
		Release|Any CPU = Release|Any CPU
	EndGlobalSection
	GlobalSection(ProjectConfigurationPlatforms) = postSolution
		{B3DEC230-6F98-4EA3-91BE-56AD3B633062}.Debug|Any CPU.ActiveCfg = Debug|Any CPU
		{B3DEC230-6F98-4EA3-91BE-56AD3B633062}.Debug|Any CPU.Build.0 = Debug|Any CPU
		{B3DEC230-6F98-4EA3-91BE-56AD3B633062}.Release|Any CPU.ActiveCfg = Release|Any CPU
		{B3DEC230-6F98-4EA3-91BE-56AD3B633062}.Release|Any CPU.Build.0 = Release|Any CPU
		{1F829318-C467-4105-9CC6-4DABEFAB824A}.Debug|Any CPU.ActiveCfg = Debug|Any CPU
		{1F829318-C467-4105-9CC6-4DABEFAB824A}.Debug|Any CPU.Build.0 = Debug|Any CPU
		{1F829318-C467-4105-9CC6-4DABEFAB824A}.Release|Any CPU.ActiveCfg = Release|Any CPU
		{1F829318-C467-4105-9CC6-4DABEFAB824A}.Release|Any CPU.Build.0 = Release|Any CPU
		{4643FF3C-D2D0-42A7-A6FD-68F6BFD6D781}.Debug|Any CPU.ActiveCfg = Debug|Any CPU
		{4643FF3C-D2D0-42A7-A6FD-68F6BFD6D781}.Debug|Any CPU.Build.0 = Debug|Any CPU
		{4643FF3C-D2D0-42A7-A6FD-68F6BFD6D781}.Release|Any CPU.ActiveCfg = Release|Any CPU
		{4643FF3C-D2D0-42A7-A6FD-68F6BFD6D781}.Release|Any CPU.Build.0 = Release|Any CPU
	EndGlobalSection
	GlobalSection(SolutionProperties) = preSolution
		HideSolutionNode = FALSE
	EndGlobalSection
	GlobalSection(ExtensibilityGlobals) = postSolution
		SolutionGuid = {F32EBF50-189F-4D1E-A061-B2A613F82452}
	EndGlobalSection
EndGlobal
